
Microsoft Visual Studio Solution File, Format Version 12.00
# Visual Studio Version 16
VisualStudioVersion = 16.0.29020.237
MinimumVisualStudioVersion = 10.0.40219.1
Project("{8BC9CEB8-8B4A-11D0-8D11-00A0C91BC942}") = "Control1EX", "Control1EX\Control1EX.vcxproj", "{888B7744-CFE4-4672-A414-C15FDB23B88B}"
EndProject
Global
	GlobalSection(SolutionConfigurationPlatforms) = preSolution
		Debug|x64 = Debug|x64
		Debug|x86 = Debug|x86
		Release|x64 = Release|x64
		Release|x86 = Release|x86
	EndGlobalSection
	GlobalSection(ProjectConfigurationPlatforms) = postSolution
		{888B7744-CFE4-4672-A414-C15FDB23B88B}.Debug|x64.ActiveCfg = Debug|x64
		{888B7744-CFE4-4672-A414-C15FDB23B88B}.Debug|x64.Build.0 = Debug|x64
		{888B7744-CFE4-4672-A414-C15FDB23B88B}.Debug|x86.ActiveCfg = Debug|Win32
		{888B7744-CFE4-4672-A414-C15FDB23B88B}.Debug|x86.Build.0 = Debug|Win32
		{888B7744-CFE4-4672-A414-C15FDB23B88B}.Release|x64.ActiveCfg = Release|x64
		{888B7744-CFE4-4672-A414-C15FDB23B88B}.Release|x64.Build.0 = Release|x64
		{888B7744-CFE4-4672-A414-C15FDB23B88B}.Release|x86.ActiveCfg = Release|Win32
		{888B7744-CFE4-4672-A414-C15FDB23B88B}.Release|x86.Build.0 = Release|Win32
	EndGlobalSection
	GlobalSection(SolutionProperties) = preSolution
		HideSolutionNode = FALSE
	EndGlobalSection
	GlobalSection(ExtensibilityGlobals) = postSolution
		SolutionGuid = {DD497677-5F4A-4081-A171-FF5D92A2546E}
	EndGlobalSection
EndGlobal
