
Microsoft Visual Studio Solution File, Format Version 12.00
# Visual Studio Version 16
VisualStudioVersion = 16.0.29025.244
MinimumVisualStudioVersion = 10.0.40219.1
Project("{8BC9CEB8-8B4A-11D0-8D11-00A0C91BC942}") = "HelloCPP", "HelloCPP\HelloCPP.vcxproj", "{325DFE44-1218-4F5D-8F04-4785D4ABC0D2}"
EndProject
Global
	GlobalSection(SolutionConfigurationPlatforms) = preSolution
		Debug|x64 = Debug|x64
		Debug|x86 = Debug|x86
		Release|x64 = Release|x64
		Release|x86 = Release|x86
	EndGlobalSection
	GlobalSection(ProjectConfigurationPlatforms) = postSolution
		{325DFE44-1218-4F5D-8F04-4785D4ABC0D2}.Debug|x64.ActiveCfg = Debug|x64
		{325DFE44-1218-4F5D-8F04-4785D4ABC0D2}.Debug|x64.Build.0 = Debug|x64
		{325DFE44-1218-4F5D-8F04-4785D4ABC0D2}.Debug|x86.ActiveCfg = Debug|Win32
		{325DFE44-1218-4F5D-8F04-4785D4ABC0D2}.Debug|x86.Build.0 = Debug|Win32
		{325DFE44-1218-4F5D-8F04-4785D4ABC0D2}.Release|x64.ActiveCfg = Release|x64
		{325DFE44-1218-4F5D-8F04-4785D4ABC0D2}.Release|x64.Build.0 = Release|x64
		{325DFE44-1218-4F5D-8F04-4785D4ABC0D2}.Release|x86.ActiveCfg = Release|Win32
		{325DFE44-1218-4F5D-8F04-4785D4ABC0D2}.Release|x86.Build.0 = Release|Win32
	EndGlobalSection
	GlobalSection(SolutionProperties) = preSolution
		HideSolutionNode = FALSE
	EndGlobalSection
	GlobalSection(ExtensibilityGlobals) = postSolution
		SolutionGuid = {22FEEB24-8250-4D16-AFB9-5C1764A0D777}
	EndGlobalSection
EndGlobal
